
Microsoft Visual Studio Solution File, Format Version 12.00
# Visual Studio Version 17
VisualStudioVersion = 17.5.33516.290
MinimumVisualStudioVersion = 10.0.40219.1
Project("{9A19103F-16F7-4668-BE54-9A1E7A4F7556}") = "Cave.Extensions", "Cave.Extensions\Cave.Extensions.csproj", "{46756D48-E45B-47E5-B778-B18A1C2A81CF}"
EndProject
Project("{2150E333-8FDC-42A3-9474-1A3956D46DE8}") = "Solution Items", "Solution Items", "{97BAA59C-1B2B-4E8D-996C-C5FCB2BF11A3}"
	ProjectSection(SolutionItems) = preProject
		.editorconfig = .editorconfig
		.gitignore = .gitignore
		azure-pipelines.yml = azure-pipelines.yml
		build.bat = build.bat
		cavesystems.pdn = cavesystems.pdn
		cavesystems.png = cavesystems.png
		CodeMaid.config = CodeMaid.config
		Directory.Build.props = Directory.Build.props
		Directory.Build.targets = Directory.Build.targets
		Implemented CRC algorithms.htm = Implemented CRC algorithms.htm
		LICENSE = LICENSE
	EndProjectSection
EndProject
Project("{2150E333-8FDC-42A3-9474-1A3956D46DE8}") = "Test", "Test", "{12D70B9D-8AA9-4079-865E-D00AFD9BA1A4}"
EndProject
Project("{9A19103F-16F7-4668-BE54-9A1E7A4F7556}") = "netcore_1.0-2.2", "Tests\netcore_1.0-2.2.csproj", "{AF42E63C-AD08-4CA4-B2F2-0C174906B1DD}"
EndProject
Project("{9A19103F-16F7-4668-BE54-9A1E7A4F7556}") = "net_2.0-3.5", "Tests\net_2.0-3.5.csproj", "{489E29E8-6ECF-4215-ADAE-E3858E784727}"
EndProject
Project("{9A19103F-16F7-4668-BE54-9A1E7A4F7556}") = "net_4.x", "Tests\net_4.x.csproj", "{D0AED5EE-675A-47BD-9CA3-CC1E989CEC04}"
EndProject
Project("{9A19103F-16F7-4668-BE54-9A1E7A4F7556}") = "net_5+", "Tests\net_5+.csproj", "{C9630467-5644-459F-A572-F637A172BA9A}"
EndProject
Project("{9A19103F-16F7-4668-BE54-9A1E7A4F7556}") = "netcore_3.1", "Tests\netcore_3.1.csproj", "{C03FC18C-DF7E-43CA-BC2D-C8DF37825C37}"
EndProject
Global
	GlobalSection(SolutionConfigurationPlatforms) = preSolution
		Debug|Any CPU = Debug|Any CPU
		Release|Any CPU = Release|Any CPU
	EndGlobalSection
	GlobalSection(ProjectConfigurationPlatforms) = postSolution
		{46756D48-E45B-47E5-B778-B18A1C2A81CF}.Debug|Any CPU.ActiveCfg = Debug|Any CPU
		{46756D48-E45B-47E5-B778-B18A1C2A81CF}.Debug|Any CPU.Build.0 = Debug|Any CPU
		{46756D48-E45B-47E5-B778-B18A1C2A81CF}.Release|Any CPU.ActiveCfg = Release|Any CPU
		{46756D48-E45B-47E5-B778-B18A1C2A81CF}.Release|Any CPU.Build.0 = Release|Any CPU
		{AF42E63C-AD08-4CA4-B2F2-0C174906B1DD}.Debug|Any CPU.ActiveCfg = Debug|Any CPU
		{AF42E63C-AD08-4CA4-B2F2-0C174906B1DD}.Debug|Any CPU.Build.0 = Debug|Any CPU
		{AF42E63C-AD08-4CA4-B2F2-0C174906B1DD}.Release|Any CPU.ActiveCfg = Release|Any CPU
		{AF42E63C-AD08-4CA4-B2F2-0C174906B1DD}.Release|Any CPU.Build.0 = Release|Any CPU
		{489E29E8-6ECF-4215-ADAE-E3858E784727}.Debug|Any CPU.ActiveCfg = Debug|Any CPU
		{489E29E8-6ECF-4215-ADAE-E3858E784727}.Debug|Any CPU.Build.0 = Debug|Any CPU
		{489E29E8-6ECF-4215-ADAE-E3858E784727}.Release|Any CPU.ActiveCfg = Release|Any CPU
		{489E29E8-6ECF-4215-ADAE-E3858E784727}.Release|Any CPU.Build.0 = Release|Any CPU
		{D0AED5EE-675A-47BD-9CA3-CC1E989CEC04}.Debug|Any CPU.ActiveCfg = Debug|Any CPU
		{D0AED5EE-675A-47BD-9CA3-CC1E989CEC04}.Debug|Any CPU.Build.0 = Debug|Any CPU
		{D0AED5EE-675A-47BD-9CA3-CC1E989CEC04}.Release|Any CPU.ActiveCfg = Release|Any CPU
		{D0AED5EE-675A-47BD-9CA3-CC1E989CEC04}.Release|Any CPU.Build.0 = Release|Any CPU
		{C9630467-5644-459F-A572-F637A172BA9A}.Debug|Any CPU.ActiveCfg = Debug|Any CPU
		{C9630467-5644-459F-A572-F637A172BA9A}.Debug|Any CPU.Build.0 = Debug|Any CPU
		{C9630467-5644-459F-A572-F637A172BA9A}.Release|Any CPU.ActiveCfg = Release|Any CPU
		{C9630467-5644-459F-A572-F637A172BA9A}.Release|Any CPU.Build.0 = Release|Any CPU
		{C03FC18C-DF7E-43CA-BC2D-C8DF37825C37}.Debug|Any CPU.ActiveCfg = Debug|Any CPU
		{C03FC18C-DF7E-43CA-BC2D-C8DF37825C37}.Debug|Any CPU.Build.0 = Debug|Any CPU
		{C03FC18C-DF7E-43CA-BC2D-C8DF37825C37}.Release|Any CPU.ActiveCfg = Release|Any CPU
		{C03FC18C-DF7E-43CA-BC2D-C8DF37825C37}.Release|Any CPU.Build.0 = Release|Any CPU
	EndGlobalSection
	GlobalSection(SolutionProperties) = preSolution
		HideSolutionNode = FALSE
	EndGlobalSection
	GlobalSection(NestedProjects) = preSolution
		{AF42E63C-AD08-4CA4-B2F2-0C174906B1DD} = {12D70B9D-8AA9-4079-865E-D00AFD9BA1A4}
		{489E29E8-6ECF-4215-ADAE-E3858E784727} = {12D70B9D-8AA9-4079-865E-D00AFD9BA1A4}
		{D0AED5EE-675A-47BD-9CA3-CC1E989CEC04} = {12D70B9D-8AA9-4079-865E-D00AFD9BA1A4}
		{C9630467-5644-459F-A572-F637A172BA9A} = {12D70B9D-8AA9-4079-865E-D00AFD9BA1A4}
		{C03FC18C-DF7E-43CA-BC2D-C8DF37825C37} = {12D70B9D-8AA9-4079-865E-D00AFD9BA1A4}
	EndGlobalSection
	GlobalSection(ExtensibilityGlobals) = postSolution
		SolutionGuid = {AEF21AA2-1CDB-40F2-81A5-99B67962757E}
	EndGlobalSection
EndGlobal
