
Microsoft Visual Studio Solution File, Format Version 12.00
# Visual Studio Version 16
VisualStudioVersion = 16.0.28531.58
MinimumVisualStudioVersion = 10.0.40219.1
Project("{9A19103F-16F7-4668-BE54-9A1E7A4F7556}") = "Cave.Extensions", "Cave.Extensions\Cave.Extensions.csproj", "{46756D48-E45B-47E5-B778-B18A1C2A81CF}"
EndProject
Project("{2150E333-8FDC-42A3-9474-1A3956D46DE8}") = "Solution Items", "Solution Items", "{97BAA59C-1B2B-4E8D-996C-C5FCB2BF11A3}"
	ProjectSection(SolutionItems) = preProject
		.editorconfig = .editorconfig
		.gitignore = .gitignore
		azure-pipelines.yml = azure-pipelines.yml
		build.bat = build.bat
		cavesystems.pdn = cavesystems.pdn
		cavesystems.png = cavesystems.png
		CodeMaid.config = CodeMaid.config
		Directory.Build.props = Directory.Build.props
		Directory.Build.targets = Directory.Build.targets
		Implemented CRC algorithms.htm = Implemented CRC algorithms.htm
		LICENSE = LICENSE
	EndProjectSection
EndProject
Project("{9A19103F-16F7-4668-BE54-9A1E7A4F7556}") = "Test.FileFinder", "Test.FileFinder\Test.FileFinder.csproj", "{6791982D-B402-4B59-9824-46D3CBDE33F3}"
EndProject
Project("{9A19103F-16F7-4668-BE54-9A1E7A4F7556}") = "Test_NET2x", "Tests\Test_NET2x.csproj", "{366CE2E4-3919-4F4D-916A-DB3C8801AA2F}"
EndProject
Project("{9A19103F-16F7-4668-BE54-9A1E7A4F7556}") = "Test_NET4x", "Tests\Test_NET4x.csproj", "{767AFF18-A447-475B-A64D-DC068481486B}"
EndProject
Project("{9A19103F-16F7-4668-BE54-9A1E7A4F7556}") = "Test_NETCORE", "Tests\Test_NETCORE.csproj", "{EFEAFD47-803F-4544-9860-DF1419B30628}"
EndProject
Project("{2150E333-8FDC-42A3-9474-1A3956D46DE8}") = "Test", "Test", "{12D70B9D-8AA9-4079-865E-D00AFD9BA1A4}"
EndProject
Global
	GlobalSection(SolutionConfigurationPlatforms) = preSolution
		Debug|Any CPU = Debug|Any CPU
		Release|Any CPU = Release|Any CPU
	EndGlobalSection
	GlobalSection(ProjectConfigurationPlatforms) = postSolution
		{46756D48-E45B-47E5-B778-B18A1C2A81CF}.Debug|Any CPU.ActiveCfg = Debug|Any CPU
		{46756D48-E45B-47E5-B778-B18A1C2A81CF}.Debug|Any CPU.Build.0 = Debug|Any CPU
		{46756D48-E45B-47E5-B778-B18A1C2A81CF}.Release|Any CPU.ActiveCfg = Release|Any CPU
		{46756D48-E45B-47E5-B778-B18A1C2A81CF}.Release|Any CPU.Build.0 = Release|Any CPU
		{6791982D-B402-4B59-9824-46D3CBDE33F3}.Debug|Any CPU.ActiveCfg = Debug|Any CPU
		{6791982D-B402-4B59-9824-46D3CBDE33F3}.Debug|Any CPU.Build.0 = Debug|Any CPU
		{6791982D-B402-4B59-9824-46D3CBDE33F3}.Release|Any CPU.ActiveCfg = Release|Any CPU
		{6791982D-B402-4B59-9824-46D3CBDE33F3}.Release|Any CPU.Build.0 = Release|Any CPU
		{366CE2E4-3919-4F4D-916A-DB3C8801AA2F}.Debug|Any CPU.ActiveCfg = Debug|Any CPU
		{366CE2E4-3919-4F4D-916A-DB3C8801AA2F}.Debug|Any CPU.Build.0 = Debug|Any CPU
		{366CE2E4-3919-4F4D-916A-DB3C8801AA2F}.Release|Any CPU.ActiveCfg = Release|Any CPU
		{366CE2E4-3919-4F4D-916A-DB3C8801AA2F}.Release|Any CPU.Build.0 = Release|Any CPU
		{767AFF18-A447-475B-A64D-DC068481486B}.Debug|Any CPU.ActiveCfg = Debug|Any CPU
		{767AFF18-A447-475B-A64D-DC068481486B}.Debug|Any CPU.Build.0 = Debug|Any CPU
		{767AFF18-A447-475B-A64D-DC068481486B}.Release|Any CPU.ActiveCfg = Release|Any CPU
		{767AFF18-A447-475B-A64D-DC068481486B}.Release|Any CPU.Build.0 = Release|Any CPU
		{EFEAFD47-803F-4544-9860-DF1419B30628}.Debug|Any CPU.ActiveCfg = Debug|Any CPU
		{EFEAFD47-803F-4544-9860-DF1419B30628}.Debug|Any CPU.Build.0 = Debug|Any CPU
		{EFEAFD47-803F-4544-9860-DF1419B30628}.Release|Any CPU.ActiveCfg = Release|Any CPU
		{EFEAFD47-803F-4544-9860-DF1419B30628}.Release|Any CPU.Build.0 = Release|Any CPU
	EndGlobalSection
	GlobalSection(SolutionProperties) = preSolution
		HideSolutionNode = FALSE
	EndGlobalSection
	GlobalSection(NestedProjects) = preSolution
		{6791982D-B402-4B59-9824-46D3CBDE33F3} = {12D70B9D-8AA9-4079-865E-D00AFD9BA1A4}
		{366CE2E4-3919-4F4D-916A-DB3C8801AA2F} = {12D70B9D-8AA9-4079-865E-D00AFD9BA1A4}
		{767AFF18-A447-475B-A64D-DC068481486B} = {12D70B9D-8AA9-4079-865E-D00AFD9BA1A4}
		{EFEAFD47-803F-4544-9860-DF1419B30628} = {12D70B9D-8AA9-4079-865E-D00AFD9BA1A4}
	EndGlobalSection
	GlobalSection(ExtensibilityGlobals) = postSolution
		SolutionGuid = {AEF21AA2-1CDB-40F2-81A5-99B67962757E}
	EndGlobalSection
EndGlobal
